// !$*UTF8*$!
{
	archiveVersion = 1;
	classes = {
	};
	objectVersion = 56;
	objects = {

/* Begin PBXBuildFile section */
		000000000000000000000001 /* coinbarxApp.swift in Sources */ = {isa = PBXBuildFile; fileRef = 000000000000000000000002 /* coinbarxApp.swift */; };
		000000000000000000000003 /* Asset.swift in Sources */ = {isa = PBXBuildFile; fileRef = 000000000000000000000004 /* Asset.swift */; };
		000000000000000000000005 /* TickerViewModel.swift in Sources */ = {isa = PBXBuildFile; fileRef = 000000000000000000000006 /* TickerViewModel.swift */; };
		000000000000000000000007 /* DropdownView.swift in Sources */ = {isa = PBXBuildFile; fileRef = 000000000000000000000008 /* DropdownView.swift */; };
		000000000000000000000009 /* Assets.xcassets in Resources */ = {isa = PBXBuildFile; fileRef = 00000000000000000000000A /* Assets.xcassets */; };
/* End PBXBuildFile section */

/* Begin PBXFileReference section */
		000000000000000000000002 /* coinbarxApp.swift */ = {isa = PBXFileReference; lastKnownFileType = sourcecode.swift; path = coinbarxApp.swift; sourceTree = "<group>"; };
		000000000000000000000004 /* Asset.swift */ = {isa = PBXFileReference; lastKnownFileType = sourcecode.swift; path = Asset.swift; sourceTree = "<group>"; };
		000000000000000000000006 /* TickerViewModel.swift */ = {isa = PBXFileReference; lastKnownFileType = sourcecode.swift; path = TickerViewModel.swift; sourceTree = "<group>"; };
		000000000000000000000008 /* DropdownView.swift */ = {isa = PBXFileReference; lastKnownFileType = sourcecode.swift; path = DropdownView.swift; sourceTree = "<group>"; };
		00000000000000000000000A /* Assets.xcassets */ = {isa = PBXFileReference; lastKnownFileType = folder.assetcatalog; path = Assets.xcassets; sourceTree = "<group>"; };
		00000000000000000000000B /* Info.plist */ = {isa = PBXFileReference; lastKnownFileType = text.plist.xml; path = Info.plist; sourceTree = "<group>"; };
		00000000000000000000000C /* coinbarx.entitlements */ = {isa = PBXFileReference; lastKnownFileType = text.plist.entitlements; path = coinbarx.entitlements; sourceTree = "<group>"; };
		00000000000000000000000D /* coinbarx.app */ = {isa = PBXFileReference; explicitFileType = wrapper.application; includeInIndex = 0; path = coinbarx.app; sourceTree = BUILT_PRODUCTS_DIR; };
/* End PBXFileReference section */

/* Begin PBXFrameworksBuildPhase section */
		00000000000000000000000E /* Frameworks */ = {
			isa = PBXFrameworksBuildPhase;
			buildActionMask = 2147483647;
			files = (
			);
			runOnlyForDeploymentPostprocessing = 0;
		};
/* End PBXFrameworksBuildPhase section */

/* Begin PBXGroup section */
		00000000000000000000000F = {
			isa = PBXGroup;
			children = (
				000000000000000000000010 /* coinbarx */,
				000000000000000000000011 /* Products */,
			);
			sourceTree = "<group>";
		};
		000000000000000000000010 /* coinbarx */ = {
			isa = PBXGroup;
			children = (
				000000000000000000000002 /* coinbarxApp.swift */,
				000000000000000000000012 /* Models */,
				000000000000000000000013 /* ViewModels */,
				000000000000000000000014 /* Views */,
				00000000000000000000000A /* Assets.xcassets */,
				00000000000000000000000B /* Info.plist */,
				00000000000000000000000C /* coinbarx.entitlements */,
			);
			path = coinbarx;
			sourceTree = "<group>";
		};
		000000000000000000000011 /* Products */ = {
			isa = PBXGroup;
			children = (
				00000000000000000000000D /* coinbarx.app */,
			);
			name = Products;
			sourceTree = "<group>";
		};
		000000000000000000000012 /* Models */ = {
			isa = PBXGroup;
			children = (
				000000000000000000000004 /* Asset.swift */,
			);
			path = Models;
			sourceTree = "<group>";
		};
		000000000000000000000013 /* ViewModels */ = {
			isa = PBXGroup;
			children = (
				000000000000000000000006 /* TickerViewModel.swift */,
			);
			path = ViewModels;
			sourceTree = "<group>";
		};
		000000000000000000000014 /* Views */ = {
			isa = PBXGroup;
			children = (
				000000000000000000000008 /* DropdownView.swift */,
			);
			path = Views;
			sourceTree = "<group>";
		};
/* End PBXGroup section */

/* Begin PBXNativeTarget section */
		000000000000000000000015 /* coinbarx */ = {
			isa = PBXNativeTarget;
			buildConfigurationList = 000000000000000000000016 /* Build configuration list for PBXNativeTarget "coinbarx" */;
			buildPhases = (
				000000000000000000000017 /* Sources */,
				00000000000000000000000E /* Frameworks */,
				000000000000000000000018 /* Resources */,
			);
			buildRules = (
			);
			dependencies = (
			);
			name = coinbarx;
			productName = coinbarx;
			productReference = 00000000000000000000000D /* coinbarx.app */;
			productType = "com.apple.product-type.application";
		};
/* End PBXNativeTarget section */

/* Begin PBXProject section */
		000000000000000000000019 /* Project object */ = {
			isa = PBXProject;
			attributes = {
				BuildIndependentTargetsInParallel = 1;
				LastSwiftUpdateCheck = 2630;
				LastUpgradeCheck = 2630;
				TargetAttributes = {
					000000000000000000000015 = {
						CreatedOnToolsVersion = 26.3;
					};
				};
			};
			buildConfigurationList = 00000000000000000000001A /* Build configuration list for PBXProject "coinbarx" */;
			compatibilityVersion = "Xcode 14.0";
			developmentRegion = en;
			hasScannedForEncodings = 0;
			knownRegions = (
				en,
				Base,
			);
			mainGroup = 00000000000000000000000F;
			productRefGroup = 000000000000000000000011 /* Products */;
			projectDirPath = "";
			projectRoot = "";
			targets = (
				000000000000000000000015 /* coinbarx */,
			);
		};
/* End PBXProject section */

/* Begin PBXResourcesBuildPhase section */
		000000000000000000000018 /* Resources */ = {
			isa = PBXResourcesBuildPhase;
			buildActionMask = 2147483647;
			files = (
				000000000000000000000009 /* Assets.xcassets in Resources */,
			);
			runOnlyForDeploymentPostprocessing = 0;
		};
/* End PBXResourcesBuildPhase section */

/* Begin PBXSourcesBuildPhase section */
		000000000000000000000017 /* Sources */ = {
			isa = PBXSourcesBuildPhase;
			buildActionMask = 2147483647;
			files = (
				000000000000000000000001 /* coinbarxApp.swift in Sources */,
				000000000000000000000003 /* Asset.swift in Sources */,
				000000000000000000000005 /* TickerViewModel.swift in Sources */,
				000000000000000000000007 /* DropdownView.swift in Sources */,
			);
			runOnlyForDeploymentPostprocessing = 0;
		};
/* End PBXSourcesBuildPhase section */

/* Begin XCBuildConfiguration section */
		00000000000000000000001B /* Debug */ = {
			isa = XCBuildConfiguration;
			buildSettings = {
				ALWAYS_SEARCH_USER_PATHS = NO;
				ASSETCATALOG_COMPILER_GENERATE_SWIFT_ASSET_SYMBOL_EXTENSIONS = YES;
				CLANG_ANALYZER_NONNULL = YES;
				CLANG_ENABLE_MODULES = YES;
				CLANG_ENABLE_OBJC_ARC = YES;
				COPY_PHASE_STRIP = NO;
				ENABLE_STRICT_OBJC_MSGSEND = YES;
				ENABLE_USER_SCRIPT_SANDBOXING = YES;
				GCC_C_LANGUAGE_STANDARD = gnu17;
				GCC_NO_COMMON_BLOCKS = YES;
				MACOSX_DEPLOYMENT_TARGET = 13.0;
				MTL_FAST_MATH = YES;
				SDKROOT = macosx;
				DEBUG_INFORMATION_FORMAT = dwarf;
				ENABLE_TESTABILITY = YES;
				GCC_DYNAMIC_NO_PIC = NO;
				GCC_OPTIMIZATION_LEVEL = 0;
				GCC_PREPROCESSOR_DEFINITIONS = (
					"DEBUG=1",
					"$(inherited)",
				);
				ONLY_ACTIVE_ARCH = YES;
				SWIFT_ACTIVE_COMPILATION_CONDITIONS = "DEBUG $(inherited)";
				SWIFT_OPTIMIZATION_LEVEL = "-Onone";
			};
			name = Debug;
		};
		00000000000000000000001C /* Release */ = {
			isa = XCBuildConfiguration;
			buildSettings = {
				ALWAYS_SEARCH_USER_PATHS = NO;
				ASSETCATALOG_COMPILER_GENERATE_SWIFT_ASSET_SYMBOL_EXTENSIONS = YES;
				CLANG_ANALYZER_NONNULL = YES;
				CLANG_ENABLE_MODULES = YES;
				CLANG_ENABLE_OBJC_ARC = YES;
				COPY_PHASE_STRIP = NO;
				ENABLE_STRICT_OBJC_MSGSEND = YES;
				ENABLE_USER_SCRIPT_SANDBOXING = YES;
				GCC_C_LANGUAGE_STANDARD = gnu17;
				GCC_NO_COMMON_BLOCKS = YES;
				MACOSX_DEPLOYMENT_TARGET = 13.0;
				MTL_FAST_MATH = YES;
				SDKROOT = macosx;
				DEBUG_INFORMATION_FORMAT = "dwarf-with-dsym";
				ENABLE_NS_ASSERTIONS = NO;
				SWIFT_COMPILATION_MODE = wholemodule;
			};
			name = Release;
		};
		00000000000000000000001D /* Debug */ = {
			isa = XCBuildConfiguration;
			buildSettings = {
				ASSETCATALOG_COMPILER_APPICON_NAME = AppIcon;
				ASSETCATALOG_COMPILER_GLOBAL_ACCENT_COLOR_NAME = AccentColor;
				CODE_SIGN_ENTITLEMENTS = coinbarx/coinbarx.entitlements;
				CODE_SIGN_STYLE = Automatic;
				COMBINE_HIDPI_IMAGES = YES;
				CURRENT_PROJECT_VERSION = 1;
				ENABLE_HARDENED_RUNTIME = YES;
				GENERATE_INFOPLIST_FILE = NO;
				INFOPLIST_FILE = coinbarx/Info.plist;
				LD_RUNPATH_SEARCH_PATHS = (
					"$(inherited)",
					"@executable_path/../Frameworks",
				);
				MARKETING_VERSION = 1.0;
				PRODUCT_BUNDLE_IDENTIFIER = com.originix.coinbarx;
				PRODUCT_NAME = "$(TARGET_NAME)";
				SWIFT_EMIT_LOC_STRINGS = YES;
				SWIFT_VERSION = 5.0;
			};
			name = Debug;
		};
		00000000000000000000001E /* Release */ = {
			isa = XCBuildConfiguration;
			buildSettings = {
				ASSETCATALOG_COMPILER_APPICON_NAME = AppIcon;
				ASSETCATALOG_COMPILER_GLOBAL_ACCENT_COLOR_NAME = AccentColor;
				CODE_SIGN_ENTITLEMENTS = coinbarx/coinbarx.entitlements;
				CODE_SIGN_STYLE = Automatic;
				COMBINE_HIDPI_IMAGES = YES;
				CURRENT_PROJECT_VERSION = 1;
				ENABLE_HARDENED_RUNTIME = YES;
				GENERATE_INFOPLIST_FILE = NO;
				INFOPLIST_FILE = coinbarx/Info.plist;
				LD_RUNPATH_SEARCH_PATHS = (
					"$(inherited)",
					"@executable_path/../Frameworks",
				);
				MARKETING_VERSION = 1.0;
				PRODUCT_BUNDLE_IDENTIFIER = com.originix.coinbarx;
				PRODUCT_NAME = "$(TARGET_NAME)";
				SWIFT_EMIT_LOC_STRINGS = YES;
				SWIFT_VERSION = 5.0;
			};
			name = Release;
		};
/* End XCBuildConfiguration section */

/* Begin XCConfigurationList section */
		00000000000000000000001A /* Build configuration list for PBXProject "coinbarx" */ = {
			isa = XCConfigurationList;
			buildConfigurations = (
				00000000000000000000001B /* Debug */,
				00000000000000000000001C /* Release */,
			);
			defaultConfigurationIsVisible = 0;
			defaultConfigurationName = Release;
		};
		000000000000000000000016 /* Build configuration list for PBXNativeTarget "coinbarx" */ = {
			isa = XCConfigurationList;
			buildConfigurations = (
				00000000000000000000001D /* Debug */,
				00000000000000000000001E /* Release */,
			);
			defaultConfigurationIsVisible = 0;
			defaultConfigurationName = Release;
		};
/* End XCConfigurationList section */
	};
	rootObject = 000000000000000000000019 /* Project object */;
}
